
Microsoft Visual Studio Solution File, Format Version 12.00
# Visual Studio Version 17
VisualStudioVersion = 17.8.34316.72
MinimumVisualStudioVersion = 10.0.40219.1
Project("{9A19103F-16F7-4668-BE54-9A1E7A4F7556}") = "WebPortal", "WebPortal\WebPortal.csproj", "{DFA12A84-8970-48CB-895D-3A8108C26A43}"
EndProject
Global
	GlobalSection(SolutionConfigurationPlatforms) = preSolution
		Debug|Any CPU = Debug|Any CPU
		Release|Any CPU = Release|Any CPU
	EndGlobalSection
	GlobalSection(ProjectConfigurationPlatforms) = postSolution
		{DFA12A84-8970-48CB-895D-3A8108C26A43}.Debug|Any CPU.ActiveCfg = Debug|Any CPU
		{DFA12A84-8970-48CB-895D-3A8108C26A43}.Debug|Any CPU.Build.0 = Debug|Any CPU
		{DFA12A84-8970-48CB-895D-3A8108C26A43}.Release|Any CPU.ActiveCfg = Debug|Any CPU
		{DFA12A84-8970-48CB-895D-3A8108C26A43}.Release|Any CPU.Build.0 = Debug|Any CPU
	EndGlobalSection
	GlobalSection(SolutionProperties) = preSolution
		HideSolutionNode = FALSE
	EndGlobalSection
	GlobalSection(ExtensibilityGlobals) = postSolution
		SolutionGuid = {1DF00654-C19D-423B-AA87-38E4762D6D11}
	EndGlobalSection
EndGlobal
